
Microsoft Visual Studio Solution File, Format Version 12.00
# Visual Studio 14
VisualStudioVersion = 14.0.23107.0
MinimumVisualStudioVersion = 10.0.40219.1
Project("{FAE04EC0-301F-11D3-BF4B-00C04F79EFBC}") = "EasyRecord", "EasyRecord\EasyRecord.csproj", "{0CC84A41-AA11-4248-BDCF-D8C07E625D0D}"
EndProject
Global
	GlobalSection(SolutionConfigurationPlatforms) = preSolution
		Debug|Any CPU = Debug|Any CPU
		Release|Any CPU = Release|Any CPU
	EndGlobalSection
	GlobalSection(ProjectConfigurationPlatforms) = postSolution
		{0CC84A41-AA11-4248-BDCF-D8C07E625D0D}.Debug|Any CPU.ActiveCfg = Debug|Any CPU
		{0CC84A41-AA11-4248-BDCF-D8C07E625D0D}.Debug|Any CPU.Build.0 = Debug|Any CPU
		{0CC84A41-AA11-4248-BDCF-D8C07E625D0D}.Release|Any CPU.ActiveCfg = Release|Any CPU
		{0CC84A41-AA11-4248-BDCF-D8C07E625D0D}.Release|Any CPU.Build.0 = Release|Any CPU
	EndGlobalSection
	GlobalSection(SolutionProperties) = preSolution
		HideSolutionNode = FALSE
	EndGlobalSection
EndGlobal
